
Microsoft Visual Studio Solution File, Format Version 12.00
# Visual Studio Version 17
VisualStudioVersion = 17.12.35527.113
MinimumVisualStudioVersion = 10.0.40219.1
Project("{9A19103F-16F7-4668-BE54-9A1E7A4F7556}") = "FirstTask", "FirstTask\FirstTask.csproj", "{96DD4BBF-4774-4EC0-BF17-502C7954B824}"
EndProject
Project("{9A19103F-16F7-4668-BE54-9A1E7A4F7556}") = "SecondTask", "SecondTask\SecondTask.csproj", "{130A3BED-678E-4740-AFE3-53E6A90609D0}"
EndProject
Project("{2150E333-8FDC-42A3-9474-1A3956D46DE8}") = "Solution Items", "Solution Items", "{92C1D062-6632-41E4-A976-16F9B06011DE}"
	ProjectSection(SolutionItems) = preProject
		.gitignore = .gitignore
	EndProjectSection
EndProject
Project("{FAE04EC0-301F-11D3-BF4B-00C04F79EFBC}") = "ThirdFourthTask", "ThirdFourthTask\ThirdFourthTask.csproj", "{DD8B3673-E891-4D38-8EBC-804ACA1B1AF3}"
EndProject
Project("{FAE04EC0-301F-11D3-BF4B-00C04F79EFBC}") = "FourthTask", "FourthTask\FourthTask.csproj", "{AB9D090D-9FA8-4B41-934F-3AC95AF14DE4}"
EndProject
Global
	GlobalSection(SolutionConfigurationPlatforms) = preSolution
		Debug|Any CPU = Debug|Any CPU
		Release|Any CPU = Release|Any CPU
	EndGlobalSection
	GlobalSection(ProjectConfigurationPlatforms) = postSolution
		{96DD4BBF-4774-4EC0-BF17-502C7954B824}.Debug|Any CPU.ActiveCfg = Debug|Any CPU
		{96DD4BBF-4774-4EC0-BF17-502C7954B824}.Debug|Any CPU.Build.0 = Debug|Any CPU
		{96DD4BBF-4774-4EC0-BF17-502C7954B824}.Release|Any CPU.ActiveCfg = Release|Any CPU
		{96DD4BBF-4774-4EC0-BF17-502C7954B824}.Release|Any CPU.Build.0 = Release|Any CPU
		{130A3BED-678E-4740-AFE3-53E6A90609D0}.Debug|Any CPU.ActiveCfg = Debug|Any CPU
		{130A3BED-678E-4740-AFE3-53E6A90609D0}.Debug|Any CPU.Build.0 = Debug|Any CPU
		{130A3BED-678E-4740-AFE3-53E6A90609D0}.Release|Any CPU.ActiveCfg = Release|Any CPU
		{130A3BED-678E-4740-AFE3-53E6A90609D0}.Release|Any CPU.Build.0 = Release|Any CPU
		{DD8B3673-E891-4D38-8EBC-804ACA1B1AF3}.Debug|Any CPU.ActiveCfg = Debug|Any CPU
		{DD8B3673-E891-4D38-8EBC-804ACA1B1AF3}.Debug|Any CPU.Build.0 = Debug|Any CPU
		{DD8B3673-E891-4D38-8EBC-804ACA1B1AF3}.Release|Any CPU.ActiveCfg = Release|Any CPU
		{DD8B3673-E891-4D38-8EBC-804ACA1B1AF3}.Release|Any CPU.Build.0 = Release|Any CPU
		{AB9D090D-9FA8-4B41-934F-3AC95AF14DE4}.Debug|Any CPU.ActiveCfg = Debug|Any CPU
		{AB9D090D-9FA8-4B41-934F-3AC95AF14DE4}.Debug|Any CPU.Build.0 = Debug|Any CPU
		{AB9D090D-9FA8-4B41-934F-3AC95AF14DE4}.Release|Any CPU.ActiveCfg = Release|Any CPU
		{AB9D090D-9FA8-4B41-934F-3AC95AF14DE4}.Release|Any CPU.Build.0 = Release|Any CPU
	EndGlobalSection
	GlobalSection(SolutionProperties) = preSolution
		HideSolutionNode = FALSE
	EndGlobalSection
	GlobalSection(ExtensibilityGlobals) = postSolution
		SolutionGuid = {84414CF0-FE84-4690-AB11-9F7740BBDF70}
	EndGlobalSection
EndGlobal
